// !$*UTF8*$!
{
	archiveVersion = 1;
	classes = {
	};
	objectVersion = 46;
	objects = {

/* Begin PBXBuildFile section */
		265628141E34A7E60000E3EF /* main.m in Sources */ = {isa = PBXBuildFile; fileRef = 265628131E34A7E60000E3EF /* main.m */; };
		265628171E34A7E60000E3EF /* AppDelegate.m in Sources */ = {isa = PBXBuildFile; fileRef = 265628161E34A7E60000E3EF /* AppDelegate.m */; };
		2656281A1E34A7E60000E3EF /* ViewController.m in Sources */ = {isa = PBXBuildFile; fileRef = 265628191E34A7E60000E3EF /* ViewController.m */; };
		2656281D1E34A7E60000E3EF /* Main.storyboard in Resources */ = {isa = PBXBuildFile; fileRef = 2656281B1E34A7E60000E3EF /* Main.storyboard */; };
		2656281F1E34A7E60000E3EF /* Assets.xcassets in Resources */ = {isa = PBXBuildFile; fileRef = 2656281E1E34A7E60000E3EF /* Assets.xcassets */; };
		265628221E34A7E60000E3EF /* LaunchScreen.storyboard in Resources */ = {isa = PBXBuildFile; fileRef = 265628201E34A7E60000E3EF /* LaunchScreen.storyboard */; };
		2656282D1E34A7E60000E3EF /* ZZHAnimationTests.m in Sources */ = {isa = PBXBuildFile; fileRef = 2656282C1E34A7E60000E3EF /* ZZHAnimationTests.m */; };
		265628381E34A7E60000E3EF /* ZZHAnimationUITests.m in Sources */ = {isa = PBXBuildFile; fileRef = 265628371E34A7E60000E3EF /* ZZHAnimationUITests.m */; };
		26709A061E3624D80050C0DA /* FoldPhotoViewController.m in Sources */ = {isa = PBXBuildFile; fileRef = 26709A041E3624D80050C0DA /* FoldPhotoViewController.m */; };
		26709A071E3624D80050C0DA /* FoldPhotoViewController.xib in Resources */ = {isa = PBXBuildFile; fileRef = 26709A051E3624D80050C0DA /* FoldPhotoViewController.xib */; };
		26709A0A1E362E3F0050C0DA /* FloadView.m in Sources */ = {isa = PBXBuildFile; fileRef = 26709A091E362E3F0050C0DA /* FloadView.m */; };
		26709A0C1E362E4C0050C0DA /* FloadView.xib in Resources */ = {isa = PBXBuildFile; fileRef = 26709A0B1E362E4C0050C0DA /* FloadView.xib */; };
		26709A231E36519D0050C0DA /* CopyLayerViewController.m in Sources */ = {isa = PBXBuildFile; fileRef = 26709A211E36519D0050C0DA /* CopyLayerViewController.m */; };
		26709A241E36519D0050C0DA /* CopyLayerViewController.xib in Resources */ = {isa = PBXBuildFile; fileRef = 26709A221E36519D0050C0DA /* CopyLayerViewController.xib */; };
		26709A271E3654D80050C0DA /* VoiceView.m in Sources */ = {isa = PBXBuildFile; fileRef = 26709A261E3654D80050C0DA /* VoiceView.m */; };
		26709A291E3654EF0050C0DA /* VoiceView.xib in Resources */ = {isa = PBXBuildFile; fileRef = 26709A281E3654EF0050C0DA /* VoiceView.xib */; };
		26709A2C1E3658790050C0DA /* IndicatorView.m in Sources */ = {isa = PBXBuildFile; fileRef = 26709A2B1E3658790050C0DA /* IndicatorView.m */; };
		26709A2E1E3658890050C0DA /* IndicatorView.xib in Resources */ = {isa = PBXBuildFile; fileRef = 26709A2D1E3658890050C0DA /* IndicatorView.xib */; };
		26D1DEEB1E360164008DBA73 /* CATransactionViewController.m in Sources */ = {isa = PBXBuildFile; fileRef = 26D1DEDD1E360164008DBA73 /* CATransactionViewController.m */; };
		26D1DEEC1E360164008DBA73 /* CAAnimationViewController.m in Sources */ = {isa = PBXBuildFile; fileRef = 26D1DEE01E360164008DBA73 /* CAAnimationViewController.m */; };
		26D1DEED1E360164008DBA73 /* CAAnimationViewController.xib in Resources */ = {isa = PBXBuildFile; fileRef = 26D1DEE11E360164008DBA73 /* CAAnimationViewController.xib */; };
		26D1DEEE1E360164008DBA73 /* TurnBtn.m in Sources */ = {isa = PBXBuildFile; fileRef = 26D1DEE41E360164008DBA73 /* TurnBtn.m */; };
		26D1DEEF1E360164008DBA73 /* TurntableView.m in Sources */ = {isa = PBXBuildFile; fileRef = 26D1DEE61E360164008DBA73 /* TurntableView.m */; };
		26D1DEF01E360164008DBA73 /* TurntableView.xib in Resources */ = {isa = PBXBuildFile; fileRef = 26D1DEE71E360164008DBA73 /* TurntableView.xib */; };
		26D1DEF11E360164008DBA73 /* TurntableViewController.m in Sources */ = {isa = PBXBuildFile; fileRef = 26D1DEE91E360164008DBA73 /* TurntableViewController.m */; };
		26D1DEF21E360164008DBA73 /* TurntableViewController.xib in Resources */ = {isa = PBXBuildFile; fileRef = 26D1DEEA1E360164008DBA73 /* TurntableViewController.xib */; };
		26D1DF011E360175008DBA73 /* CAAnimationGroupViewController.m in Sources */ = {isa = PBXBuildFile; fileRef = 26D1DEF51E360175008DBA73 /* CAAnimationGroupViewController.m */; };
		26D1DF021E360175008DBA73 /* CAAnimationGroupViewController.xib in Resources */ = {isa = PBXBuildFile; fileRef = 26D1DEF61E360175008DBA73 /* CAAnimationGroupViewController.xib */; };
		26D1DF031E360175008DBA73 /* CABasicAnimationViewController.m in Sources */ = {isa = PBXBuildFile; fileRef = 26D1DEF91E360175008DBA73 /* CABasicAnimationViewController.m */; };
		26D1DF041E360175008DBA73 /* CABasicAnimationViewController.xib in Resources */ = {isa = PBXBuildFile; fileRef = 26D1DEFA1E360175008DBA73 /* CABasicAnimationViewController.xib */; };
		26D1DF051E360175008DBA73 /* CAKeyframeAnimationViewController.m in Sources */ = {isa = PBXBuildFile; fileRef = 26D1DEFD1E360175008DBA73 /* CAKeyframeAnimationViewController.m */; };
		26D1DF061E360175008DBA73 /* CAKeyframeAnimationViewController.xib in Resources */ = {isa = PBXBuildFile; fileRef = 26D1DEFE1E360175008DBA73 /* CAKeyframeAnimationViewController.xib */; };
		26D1DF071E360175008DBA73 /* DrawView.m in Sources */ = {isa = PBXBuildFile; fileRef = 26D1DF001E360175008DBA73 /* DrawView.m */; };
/* End PBXBuildFile section */

/* Begin PBXContainerItemProxy section */
		265628291E34A7E60000E3EF /* PBXContainerItemProxy */ = {
			isa = PBXContainerItemProxy;
			containerPortal = 265628071E34A7E60000E3EF /* Project object */;
			proxyType = 1;
			remoteGlobalIDString = 2656280E1E34A7E60000E3EF;
			remoteInfo = ZZHAnimation;
		};
		265628341E34A7E60000E3EF /* PBXContainerItemProxy */ = {
			isa = PBXContainerItemProxy;
			containerPortal = 265628071E34A7E60000E3EF /* Project object */;
			proxyType = 1;
			remoteGlobalIDString = 2656280E1E34A7E60000E3EF;
			remoteInfo = ZZHAnimation;
		};
/* End PBXContainerItemProxy section */

/* Begin PBXFileReference section */
		2656280F1E34A7E60000E3EF /* ZZHAnimation.app */ = {isa = PBXFileReference; explicitFileType = wrapper.application; includeInIndex = 0; path = ZZHAnimation.app; sourceTree = BUILT_PRODUCTS_DIR; };
		265628131E34A7E60000E3EF /* main.m */ = {isa = PBXFileReference; lastKnownFileType = sourcecode.c.objc; path = main.m; sourceTree = "<group>"; };
		265628151E34A7E60000E3EF /* AppDelegate.h */ = {isa = PBXFileReference; lastKnownFileType = sourcecode.c.h; path = AppDelegate.h; sourceTree = "<group>"; };
		265628161E34A7E60000E3EF /* AppDelegate.m */ = {isa = PBXFileReference; lastKnownFileType = sourcecode.c.objc; path = AppDelegate.m; sourceTree = "<group>"; };
		265628181E34A7E60000E3EF /* ViewController.h */ = {isa = PBXFileReference; lastKnownFileType = sourcecode.c.h; path = ViewController.h; sourceTree = "<group>"; };
		265628191E34A7E60000E3EF /* ViewController.m */ = {isa = PBXFileReference; lastKnownFileType = sourcecode.c.objc; path = ViewController.m; sourceTree = "<group>"; };
		2656281C1E34A7E60000E3EF /* Base */ = {isa = PBXFileReference; lastKnownFileType = file.storyboard; name = Base; path = Base.lproj/Main.storyboard; sourceTree = "<group>"; };
		2656281E1E34A7E60000E3EF /* Assets.xcassets */ = {isa = PBXFileReference; lastKnownFileType = folder.assetcatalog; path = Assets.xcassets; sourceTree = "<group>"; };
		265628211E34A7E60000E3EF /* Base */ = {isa = PBXFileReference; lastKnownFileType = file.storyboard; name = Base; path = Base.lproj/LaunchScreen.storyboard; sourceTree = "<group>"; };
		265628231E34A7E60000E3EF /* Info.plist */ = {isa = PBXFileReference; lastKnownFileType = text.plist.xml; path = Info.plist; sourceTree = "<group>"; };
		265628281E34A7E60000E3EF /* ZZHAnimationTests.xctest */ = {isa = PBXFileReference; explicitFileType = wrapper.cfbundle; includeInIndex = 0; path = ZZHAnimationTests.xctest; sourceTree = BUILT_PRODUCTS_DIR; };
		2656282C1E34A7E60000E3EF /* ZZHAnimationTests.m */ = {isa = PBXFileReference; lastKnownFileType = sourcecode.c.objc; path = ZZHAnimationTests.m; sourceTree = "<group>"; };
		2656282E1E34A7E60000E3EF /* Info.plist */ = {isa = PBXFileReference; lastKnownFileType = text.plist.xml; path = Info.plist; sourceTree = "<group>"; };
		265628331E34A7E60000E3EF /* ZZHAnimationUITests.xctest */ = {isa = PBXFileReference; explicitFileType = wrapper.cfbundle; includeInIndex = 0; path = ZZHAnimationUITests.xctest; sourceTree = BUILT_PRODUCTS_DIR; };
		265628371E34A7E60000E3EF /* ZZHAnimationUITests.m */ = {isa = PBXFileReference; lastKnownFileType = sourcecode.c.objc; path = ZZHAnimationUITests.m; sourceTree = "<group>"; };
		265628391E34A7E60000E3EF /* Info.plist */ = {isa = PBXFileReference; lastKnownFileType = text.plist.xml; path = Info.plist; sourceTree = "<group>"; };
		26709A031E3624D80050C0DA /* FoldPhotoViewController.h */ = {isa = PBXFileReference; fileEncoding = 4; lastKnownFileType = sourcecode.c.h; path = FoldPhotoViewController.h; sourceTree = "<group>"; };
		26709A041E3624D80050C0DA /* FoldPhotoViewController.m */ = {isa = PBXFileReference; fileEncoding = 4; lastKnownFileType = sourcecode.c.objc; path = FoldPhotoViewController.m; sourceTree = "<group>"; };
		26709A051E3624D80050C0DA /* FoldPhotoViewController.xib */ = {isa = PBXFileReference; fileEncoding = 4; lastKnownFileType = file.xib; path = FoldPhotoViewController.xib; sourceTree = "<group>"; };
		26709A081E362E3F0050C0DA /* FloadView.h */ = {isa = PBXFileReference; fileEncoding = 4; lastKnownFileType = sourcecode.c.h; path = FloadView.h; sourceTree = "<group>"; };
		26709A091E362E3F0050C0DA /* FloadView.m */ = {isa = PBXFileReference; fileEncoding = 4; lastKnownFileType = sourcecode.c.objc; path = FloadView.m; sourceTree = "<group>"; };
		26709A0B1E362E4C0050C0DA /* FloadView.xib */ = {isa = PBXFileReference; fileEncoding = 4; lastKnownFileType = file.xib; path = FloadView.xib; sourceTree = "<group>"; };
		26709A201E36519D0050C0DA /* CopyLayerViewController.h */ = {isa = PBXFileReference; fileEncoding = 4; lastKnownFileType = sourcecode.c.h; path = CopyLayerViewController.h; sourceTree = "<group>"; };
		26709A211E36519D0050C0DA /* CopyLayerViewController.m */ = {isa = PBXFileReference; fileEncoding = 4; lastKnownFileType = sourcecode.c.objc; path = CopyLayerViewController.m; sourceTree = "<group>"; };
		26709A221E36519D0050C0DA /* CopyLayerViewController.xib */ = {isa = PBXFileReference; fileEncoding = 4; lastKnownFileType = file.xib; path = CopyLayerViewController.xib; sourceTree = "<group>"; };
		26709A251E3654D80050C0DA /* VoiceView.h */ = {isa = PBXFileReference; fileEncoding = 4; lastKnownFileType = sourcecode.c.h; path = VoiceView.h; sourceTree = "<group>"; };
		26709A261E3654D80050C0DA /* VoiceView.m */ = {isa = PBXFileReference; fileEncoding = 4; lastKnownFileType = sourcecode.c.objc; path = VoiceView.m; sourceTree = "<group>"; };
		26709A281E3654EF0050C0DA /* VoiceView.xib */ = {isa = PBXFileReference; fileEncoding = 4; lastKnownFileType = file.xib; path = VoiceView.xib; sourceTree = "<group>"; };
		26709A2A1E3658790050C0DA /* IndicatorView.h */ = {isa = PBXFileReference; fileEncoding = 4; lastKnownFileType = sourcecode.c.h; path = IndicatorView.h; sourceTree = "<group>"; };
		26709A2B1E3658790050C0DA /* IndicatorView.m */ = {isa = PBXFileReference; fileEncoding = 4; lastKnownFileType = sourcecode.c.objc; path = IndicatorView.m; sourceTree = "<group>"; };
		26709A2D1E3658890050C0DA /* IndicatorView.xib */ = {isa = PBXFileReference; fileEncoding = 4; lastKnownFileType = file.xib; path = IndicatorView.xib; sourceTree = "<group>"; };
		26D1DEDC1E360164008DBA73 /* CATransactionViewController.h */ = {isa = PBXFileReference; fileEncoding = 4; lastKnownFileType = sourcecode.c.h; path = CATransactionViewController.h; sourceTree = "<group>"; };
		26D1DEDD1E360164008DBA73 /* CATransactionViewController.m */ = {isa = PBXFileReference; fileEncoding = 4; lastKnownFileType = sourcecode.c.objc; path = CATransactionViewController.m; sourceTree = "<group>"; };
		26D1DEDF1E360164008DBA73 /* CAAnimationViewController.h */ = {isa = PBXFileReference; fileEncoding = 4; lastKnownFileType = sourcecode.c.h; path = CAAnimationViewController.h; sourceTree = "<group>"; };
		26D1DEE01E360164008DBA73 /* CAAnimationViewController.m */ = {isa = PBXFileReference; fileEncoding = 4; lastKnownFileType = sourcecode.c.objc; path = CAAnimationViewController.m; sourceTree = "<group>"; };
		26D1DEE11E360164008DBA73 /* CAAnimationViewController.xib */ = {isa = PBXFileReference; fileEncoding = 4; lastKnownFileType = file.xib; path = CAAnimationViewController.xib; sourceTree = "<group>"; };
		26D1DEE31E360164008DBA73 /* TurnBtn.h */ = {isa = PBXFileReference; fileEncoding = 4; lastKnownFileType = sourcecode.c.h; path = TurnBtn.h; sourceTree = "<group>"; };
		26D1DEE41E360164008DBA73 /* TurnBtn.m */ = {isa = PBXFileReference; fileEncoding = 4; lastKnownFileType = sourcecode.c.objc; path = TurnBtn.m; sourceTree = "<group>"; };
		26D1DEE51E360164008DBA73 /* TurntableView.h */ = {isa = PBXFileReference; fileEncoding = 4; lastKnownFileType = sourcecode.c.h; path = TurntableView.h; sourceTree = "<group>"; };
		26D1DEE61E360164008DBA73 /* TurntableView.m */ = {isa = PBXFileReference; fileEncoding = 4; lastKnownFileType = sourcecode.c.objc; path = TurntableView.m; sourceTree = "<group>"; };
		26D1DEE71E360164008DBA73 /* TurntableView.xib */ = {isa = PBXFileReference; fileEncoding = 4; lastKnownFileType = file.xib; path = TurntableView.xib; sourceTree = "<group>"; };
		26D1DEE81E360164008DBA73 /* TurntableViewController.h */ = {isa = PBXFileReference; fileEncoding = 4; lastKnownFileType = sourcecode.c.h; path = TurntableViewController.h; sourceTree = "<group>"; };
		26D1DEE91E360164008DBA73 /* TurntableViewController.m */ = {isa = PBXFileReference; fileEncoding = 4; lastKnownFileType = sourcecode.c.objc; path = TurntableViewController.m; sourceTree = "<group>"; };
		26D1DEEA1E360164008DBA73 /* TurntableViewController.xib */ = {isa = PBXFileReference; fileEncoding = 4; lastKnownFileType = file.xib; path = TurntableViewController.xib; sourceTree = "<group>"; };
		26D1DEF41E360175008DBA73 /* CAAnimationGroupViewController.h */ = {isa = PBXFileReference; fileEncoding = 4; lastKnownFileType = sourcecode.c.h; path = CAAnimationGroupViewController.h; sourceTree = "<group>"; };
		26D1DEF51E360175008DBA73 /* CAAnimationGroupViewController.m */ = {isa = PBXFileReference; fileEncoding = 4; lastKnownFileType = sourcecode.c.objc; path = CAAnimationGroupViewController.m; sourceTree = "<group>"; };
		26D1DEF61E360175008DBA73 /* CAAnimationGroupViewController.xib */ = {isa = PBXFileReference; fileEncoding = 4; lastKnownFileType = file.xib; path = CAAnimationGroupViewController.xib; sourceTree = "<group>"; };
		26D1DEF81E360175008DBA73 /* CABasicAnimationViewController.h */ = {isa = PBXFileReference; fileEncoding = 4; lastKnownFileType = sourcecode.c.h; path = CABasicAnimationViewController.h; sourceTree = "<group>"; };
		26D1DEF91E360175008DBA73 /* CABasicAnimationViewController.m */ = {isa = PBXFileReference; fileEncoding = 4; lastKnownFileType = sourcecode.c.objc; path = CABasicAnimationViewController.m; sourceTree = "<group>"; };
		26D1DEFA1E360175008DBA73 /* CABasicAnimationViewController.xib */ = {isa = PBXFileReference; fileEncoding = 4; lastKnownFileType = file.xib; path = CABasicAnimationViewController.xib; sourceTree = "<group>"; };
		26D1DEFC1E360175008DBA73 /* CAKeyframeAnimationViewController.h */ = {isa = PBXFileReference; fileEncoding = 4; lastKnownFileType = sourcecode.c.h; path = CAKeyframeAnimationViewController.h; sourceTree = "<group>"; };
		26D1DEFD1E360175008DBA73 /* CAKeyframeAnimationViewController.m */ = {isa = PBXFileReference; fileEncoding = 4; lastKnownFileType = sourcecode.c.objc; path = CAKeyframeAnimationViewController.m; sourceTree = "<group>"; };
		26D1DEFE1E360175008DBA73 /* CAKeyframeAnimationViewController.xib */ = {isa = PBXFileReference; fileEncoding = 4; lastKnownFileType = file.xib; path = CAKeyframeAnimationViewController.xib; sourceTree = "<group>"; };
		26D1DEFF1E360175008DBA73 /* DrawView.h */ = {isa = PBXFileReference; fileEncoding = 4; lastKnownFileType = sourcecode.c.h; path = DrawView.h; sourceTree = "<group>"; };
		26D1DF001E360175008DBA73 /* DrawView.m */ = {isa = PBXFileReference; fileEncoding = 4; lastKnownFileType = sourcecode.c.objc; path = DrawView.m; sourceTree = "<group>"; };
/* End PBXFileReference section */

/* Begin PBXFrameworksBuildPhase section */
		2656280C1E34A7E60000E3EF /* Frameworks */ = {
			isa = PBXFrameworksBuildPhase;
			buildActionMask = 2147483647;
			files = (
			);
			runOnlyForDeploymentPostprocessing = 0;
		};
		265628251E34A7E60000E3EF /* Frameworks */ = {
			isa = PBXFrameworksBuildPhase;
			buildActionMask = 2147483647;
			files = (
			);
			runOnlyForDeploymentPostprocessing = 0;
		};
		265628301E34A7E60000E3EF /* Frameworks */ = {
			isa = PBXFrameworksBuildPhase;
			buildActionMask = 2147483647;
			files = (
			);
			runOnlyForDeploymentPostprocessing = 0;
		};
/* End PBXFrameworksBuildPhase section */

/* Begin PBXGroup section */
		265628061E34A7E60000E3EF = {
			isa = PBXGroup;
			children = (
				265628111E34A7E60000E3EF /* ZZHAnimation */,
				2656282B1E34A7E60000E3EF /* ZZHAnimationTests */,
				265628361E34A7E60000E3EF /* ZZHAnimationUITests */,
				265628101E34A7E60000E3EF /* Products */,
			);
			sourceTree = "<group>";
		};
		265628101E34A7E60000E3EF /* Products */ = {
			isa = PBXGroup;
			children = (
				2656280F1E34A7E60000E3EF /* ZZHAnimation.app */,
				265628281E34A7E60000E3EF /* ZZHAnimationTests.xctest */,
				265628331E34A7E60000E3EF /* ZZHAnimationUITests.xctest */,
			);
			name = Products;
			sourceTree = "<group>";
		};
		265628111E34A7E60000E3EF /* ZZHAnimation */ = {
			isa = PBXGroup;
			children = (
				26709A1F1E36519D0050C0DA /* 复制图层 */,
				26709A021E3624A10050C0DA /* 图片折叠 */,
				26D1DEF31E360175008DBA73 /* CAAnimationGroup */,
				26D1DEF71E360175008DBA73 /* CABasicAnimation */,
				26D1DEFB1E360175008DBA73 /* CAKeyframeAnimation */,
				26D1DEDB1E360164008DBA73 /* 隐式动画 */,
				26D1DEDE1E360164008DBA73 /* 转场动画 */,
				26D1DEE21E360164008DBA73 /* 转盘 */,
				265628151E34A7E60000E3EF /* AppDelegate.h */,
				265628161E34A7E60000E3EF /* AppDelegate.m */,
				265628181E34A7E60000E3EF /* ViewController.h */,
				265628191E34A7E60000E3EF /* ViewController.m */,
				2656281B1E34A7E60000E3EF /* Main.storyboard */,
				2656281E1E34A7E60000E3EF /* Assets.xcassets */,
				265628201E34A7E60000E3EF /* LaunchScreen.storyboard */,
				265628231E34A7E60000E3EF /* Info.plist */,
				265628121E34A7E60000E3EF /* Supporting Files */,
			);
			path = ZZHAnimation;
			sourceTree = "<group>";
		};
		265628121E34A7E60000E3EF /* Supporting Files */ = {
			isa = PBXGroup;
			children = (
				265628131E34A7E60000E3EF /* main.m */,
			);
			name = "Supporting Files";
			sourceTree = "<group>";
		};
		2656282B1E34A7E60000E3EF /* ZZHAnimationTests */ = {
			isa = PBXGroup;
			children = (
				2656282C1E34A7E60000E3EF /* ZZHAnimationTests.m */,
				2656282E1E34A7E60000E3EF /* Info.plist */,
			);
			path = ZZHAnimationTests;
			sourceTree = "<group>";
		};
		265628361E34A7E60000E3EF /* ZZHAnimationUITests */ = {
			isa = PBXGroup;
			children = (
				265628371E34A7E60000E3EF /* ZZHAnimationUITests.m */,
				265628391E34A7E60000E3EF /* Info.plist */,
			);
			path = ZZHAnimationUITests;
			sourceTree = "<group>";
		};
		26709A021E3624A10050C0DA /* 图片折叠 */ = {
			isa = PBXGroup;
			children = (
				26709A031E3624D80050C0DA /* FoldPhotoViewController.h */,
				26709A041E3624D80050C0DA /* FoldPhotoViewController.m */,
				26709A051E3624D80050C0DA /* FoldPhotoViewController.xib */,
				26709A081E362E3F0050C0DA /* FloadView.h */,
				26709A091E362E3F0050C0DA /* FloadView.m */,
				26709A0B1E362E4C0050C0DA /* FloadView.xib */,
			);
			path = "图片折叠";
			sourceTree = "<group>";
		};
		26709A1F1E36519D0050C0DA /* 复制图层 */ = {
			isa = PBXGroup;
			children = (
				26709A201E36519D0050C0DA /* CopyLayerViewController.h */,
				26709A211E36519D0050C0DA /* CopyLayerViewController.m */,
				26709A221E36519D0050C0DA /* CopyLayerViewController.xib */,
				26709A251E3654D80050C0DA /* VoiceView.h */,
				26709A261E3654D80050C0DA /* VoiceView.m */,
				26709A281E3654EF0050C0DA /* VoiceView.xib */,
				26709A2A1E3658790050C0DA /* IndicatorView.h */,
				26709A2B1E3658790050C0DA /* IndicatorView.m */,
				26709A2D1E3658890050C0DA /* IndicatorView.xib */,
			);
			path = "复制图层";
			sourceTree = "<group>";
		};
		26D1DEDB1E360164008DBA73 /* 隐式动画 */ = {
			isa = PBXGroup;
			children = (
				26D1DEDC1E360164008DBA73 /* CATransactionViewController.h */,
				26D1DEDD1E360164008DBA73 /* CATransactionViewController.m */,
			);
			path = "隐式动画";
			sourceTree = "<group>";
		};
		26D1DEDE1E360164008DBA73 /* 转场动画 */ = {
			isa = PBXGroup;
			children = (
				26D1DEDF1E360164008DBA73 /* CAAnimationViewController.h */,
				26D1DEE01E360164008DBA73 /* CAAnimationViewController.m */,
				26D1DEE11E360164008DBA73 /* CAAnimationViewController.xib */,
			);
			path = "转场动画";
			sourceTree = "<group>";
		};
		26D1DEE21E360164008DBA73 /* 转盘 */ = {
			isa = PBXGroup;
			children = (
				26D1DEE31E360164008DBA73 /* TurnBtn.h */,
				26D1DEE41E360164008DBA73 /* TurnBtn.m */,
				26D1DEE51E360164008DBA73 /* TurntableView.h */,
				26D1DEE61E360164008DBA73 /* TurntableView.m */,
				26D1DEE71E360164008DBA73 /* TurntableView.xib */,
				26D1DEE81E360164008DBA73 /* TurntableViewController.h */,
				26D1DEE91E360164008DBA73 /* TurntableViewController.m */,
				26D1DEEA1E360164008DBA73 /* TurntableViewController.xib */,
			);
			path = "转盘";
			sourceTree = "<group>";
		};
		26D1DEF31E360175008DBA73 /* CAAnimationGroup */ = {
			isa = PBXGroup;
			children = (
				26D1DEF41E360175008DBA73 /* CAAnimationGroupViewController.h */,
				26D1DEF51E360175008DBA73 /* CAAnimationGroupViewController.m */,
				26D1DEF61E360175008DBA73 /* CAAnimationGroupViewController.xib */,
			);
			path = CAAnimationGroup;
			sourceTree = "<group>";
		};
		26D1DEF71E360175008DBA73 /* CABasicAnimation */ = {
			isa = PBXGroup;
			children = (
				26D1DEF81E360175008DBA73 /* CABasicAnimationViewController.h */,
				26D1DEF91E360175008DBA73 /* CABasicAnimationViewController.m */,
				26D1DEFA1E360175008DBA73 /* CABasicAnimationViewController.xib */,
			);
			path = CABasicAnimation;
			sourceTree = "<group>";
		};
		26D1DEFB1E360175008DBA73 /* CAKeyframeAnimation */ = {
			isa = PBXGroup;
			children = (
				26D1DEFC1E360175008DBA73 /* CAKeyframeAnimationViewController.h */,
				26D1DEFD1E360175008DBA73 /* CAKeyframeAnimationViewController.m */,
				26D1DEFE1E360175008DBA73 /* CAKeyframeAnimationViewController.xib */,
				26D1DEFF1E360175008DBA73 /* DrawView.h */,
				26D1DF001E360175008DBA73 /* DrawView.m */,
			);
			path = CAKeyframeAnimation;
			sourceTree = "<group>";
		};
/* End PBXGroup section */

/* Begin PBXNativeTarget section */
		2656280E1E34A7E60000E3EF /* ZZHAnimation */ = {
			isa = PBXNativeTarget;
			buildConfigurationList = 2656283C1E34A7E60000E3EF /* Build configuration list for PBXNativeTarget "ZZHAnimation" */;
			buildPhases = (
				2656280B1E34A7E60000E3EF /* Sources */,
				2656280C1E34A7E60000E3EF /* Frameworks */,
				2656280D1E34A7E60000E3EF /* Resources */,
			);
			buildRules = (
			);
			dependencies = (
			);
			name = ZZHAnimation;
			productName = ZZHAnimation;
			productReference = 2656280F1E34A7E60000E3EF /* ZZHAnimation.app */;
			productType = "com.apple.product-type.application";
		};
		265628271E34A7E60000E3EF /* ZZHAnimationTests */ = {
			isa = PBXNativeTarget;
			buildConfigurationList = 2656283F1E34A7E60000E3EF /* Build configuration list for PBXNativeTarget "ZZHAnimationTests" */;
			buildPhases = (
				265628241E34A7E60000E3EF /* Sources */,
				265628251E34A7E60000E3EF /* Frameworks */,
				265628261E34A7E60000E3EF /* Resources */,
			);
			buildRules = (
			);
			dependencies = (
				2656282A1E34A7E60000E3EF /* PBXTargetDependency */,
			);
			name = ZZHAnimationTests;
			productName = ZZHAnimationTests;
			productReference = 265628281E34A7E60000E3EF /* ZZHAnimationTests.xctest */;
			productType = "com.apple.product-type.bundle.unit-test";
		};
		265628321E34A7E60000E3EF /* ZZHAnimationUITests */ = {
			isa = PBXNativeTarget;
			buildConfigurationList = 265628421E34A7E60000E3EF /* Build configuration list for PBXNativeTarget "ZZHAnimationUITests" */;
			buildPhases = (
				2656282F1E34A7E60000E3EF /* Sources */,
				265628301E34A7E60000E3EF /* Frameworks */,
				265628311E34A7E60000E3EF /* Resources */,
			);
			buildRules = (
			);
			dependencies = (
				265628351E34A7E60000E3EF /* PBXTargetDependency */,
			);
			name = ZZHAnimationUITests;
			productName = ZZHAnimationUITests;
			productReference = 265628331E34A7E60000E3EF /* ZZHAnimationUITests.xctest */;
			productType = "com.apple.product-type.bundle.ui-testing";
		};
/* End PBXNativeTarget section */

/* Begin PBXProject section */
		265628071E34A7E60000E3EF /* Project object */ = {
			isa = PBXProject;
			attributes = {
				LastUpgradeCheck = 0820;
				ORGANIZATIONNAME = zzh;
				TargetAttributes = {
					2656280E1E34A7E60000E3EF = {
						CreatedOnToolsVersion = 8.2.1;
						DevelopmentTeam = PTZL69GT3W;
						ProvisioningStyle = Automatic;
					};
					265628271E34A7E60000E3EF = {
						CreatedOnToolsVersion = 8.2.1;
						DevelopmentTeam = PTZL69GT3W;
						ProvisioningStyle = Automatic;
						TestTargetID = 2656280E1E34A7E60000E3EF;
					};
					265628321E34A7E60000E3EF = {
						CreatedOnToolsVersion = 8.2.1;
						DevelopmentTeam = PTZL69GT3W;
						ProvisioningStyle = Automatic;
						TestTargetID = 2656280E1E34A7E60000E3EF;
					};
				};
			};
			buildConfigurationList = 2656280A1E34A7E60000E3EF /* Build configuration list for PBXProject "ZZHAnimation" */;
			compatibilityVersion = "Xcode 3.2";
			developmentRegion = English;
			hasScannedForEncodings = 0;
			knownRegions = (
				en,
				Base,
			);
			mainGroup = 265628061E34A7E60000E3EF;
			productRefGroup = 265628101E34A7E60000E3EF /* Products */;
			projectDirPath = "";
			projectRoot = "";
			targets = (
				2656280E1E34A7E60000E3EF /* ZZHAnimation */,
				265628271E34A7E60000E3EF /* ZZHAnimationTests */,
				265628321E34A7E60000E3EF /* ZZHAnimationUITests */,
			);
		};
/* End PBXProject section */

/* Begin PBXResourcesBuildPhase section */
		2656280D1E34A7E60000E3EF /* Resources */ = {
			isa = PBXResourcesBuildPhase;
			buildActionMask = 2147483647;
			files = (
				26709A0C1E362E4C0050C0DA /* FloadView.xib in Resources */,
				26709A291E3654EF0050C0DA /* VoiceView.xib in Resources */,
				26D1DF041E360175008DBA73 /* CABasicAnimationViewController.xib in Resources */,
				265628221E34A7E60000E3EF /* LaunchScreen.storyboard in Resources */,
				26D1DEED1E360164008DBA73 /* CAAnimationViewController.xib in Resources */,
				26D1DF061E360175008DBA73 /* CAKeyframeAnimationViewController.xib in Resources */,
				26D1DEF21E360164008DBA73 /* TurntableViewController.xib in Resources */,
				2656281F1E34A7E60000E3EF /* Assets.xcassets in Resources */,
				26709A2E1E3658890050C0DA /* IndicatorView.xib in Resources */,
				26709A241E36519D0050C0DA /* CopyLayerViewController.xib in Resources */,
				26D1DEF01E360164008DBA73 /* TurntableView.xib in Resources */,
				26D1DF021E360175008DBA73 /* CAAnimationGroupViewController.xib in Resources */,
				26709A071E3624D80050C0DA /* FoldPhotoViewController.xib in Resources */,
				2656281D1E34A7E60000E3EF /* Main.storyboard in Resources */,
			);
			runOnlyForDeploymentPostprocessing = 0;
		};
		265628261E34A7E60000E3EF /* Resources */ = {
			isa = PBXResourcesBuildPhase;
			buildActionMask = 2147483647;
			files = (
			);
			runOnlyForDeploymentPostprocessing = 0;
		};
		265628311E34A7E60000E3EF /* Resources */ = {
			isa = PBXResourcesBuildPhase;
			buildActionMask = 2147483647;
			files = (
			);
			runOnlyForDeploymentPostprocessing = 0;
		};
/* End PBXResourcesBuildPhase section */

/* Begin PBXSourcesBuildPhase section */
		2656280B1E34A7E60000E3EF /* Sources */ = {
			isa = PBXSourcesBuildPhase;
			buildActionMask = 2147483647;
			files = (
				26D1DF051E360175008DBA73 /* CAKeyframeAnimationViewController.m in Sources */,
				26D1DF031E360175008DBA73 /* CABasicAnimationViewController.m in Sources */,
				26D1DF071E360175008DBA73 /* DrawView.m in Sources */,
				2656281A1E34A7E60000E3EF /* ViewController.m in Sources */,
				26709A061E3624D80050C0DA /* FoldPhotoViewController.m in Sources */,
				26D1DEEC1E360164008DBA73 /* CAAnimationViewController.m in Sources */,
				26D1DF011E360175008DBA73 /* CAAnimationGroupViewController.m in Sources */,
				26709A2C1E3658790050C0DA /* IndicatorView.m in Sources */,
				26709A271E3654D80050C0DA /* VoiceView.m in Sources */,
				26D1DEEF1E360164008DBA73 /* TurntableView.m in Sources */,
				26D1DEEB1E360164008DBA73 /* CATransactionViewController.m in Sources */,
				26709A0A1E362E3F0050C0DA /* FloadView.m in Sources */,
				26D1DEF11E360164008DBA73 /* TurntableViewController.m in Sources */,
				26D1DEEE1E360164008DBA73 /* TurnBtn.m in Sources */,
				265628171E34A7E60000E3EF /* AppDelegate.m in Sources */,
				265628141E34A7E60000E3EF /* main.m in Sources */,
				26709A231E36519D0050C0DA /* CopyLayerViewController.m in Sources */,
			);
			runOnlyForDeploymentPostprocessing = 0;
		};
		265628241E34A7E60000E3EF /* Sources */ = {
			isa = PBXSourcesBuildPhase;
			buildActionMask = 2147483647;
			files = (
				2656282D1E34A7E60000E3EF /* ZZHAnimationTests.m in Sources */,
			);
			runOnlyForDeploymentPostprocessing = 0;
		};
		2656282F1E34A7E60000E3EF /* Sources */ = {
			isa = PBXSourcesBuildPhase;
			buildActionMask = 2147483647;
			files = (
				265628381E34A7E60000E3EF /* ZZHAnimationUITests.m in Sources */,
			);
			runOnlyForDeploymentPostprocessing = 0;
		};
/* End PBXSourcesBuildPhase section */

/* Begin PBXTargetDependency section */
		2656282A1E34A7E60000E3EF /* PBXTargetDependency */ = {
			isa = PBXTargetDependency;
			target = 2656280E1E34A7E60000E3EF /* ZZHAnimation */;
			targetProxy = 265628291E34A7E60000E3EF /* PBXContainerItemProxy */;
		};
		265628351E34A7E60000E3EF /* PBXTargetDependency */ = {
			isa = PBXTargetDependency;
			target = 2656280E1E34A7E60000E3EF /* ZZHAnimation */;
			targetProxy = 265628341E34A7E60000E3EF /* PBXContainerItemProxy */;
		};
/* End PBXTargetDependency section */

/* Begin PBXVariantGroup section */
		2656281B1E34A7E60000E3EF /* Main.storyboard */ = {
			isa = PBXVariantGroup;
			children = (
				2656281C1E34A7E60000E3EF /* Base */,
			);
			name = Main.storyboard;
			sourceTree = "<group>";
		};
		265628201E34A7E60000E3EF /* LaunchScreen.storyboard */ = {
			isa = PBXVariantGroup;
			children = (
				265628211E34A7E60000E3EF /* Base */,
			);
			name = LaunchScreen.storyboard;
			sourceTree = "<group>";
		};
/* End PBXVariantGroup section */

/* Begin XCBuildConfiguration section */
		2656283A1E34A7E60000E3EF /* Debug */ = {
			isa = XCBuildConfiguration;
			buildSettings = {
				ALWAYS_SEARCH_USER_PATHS = NO;
				CLANG_ANALYZER_NONNULL = YES;
				CLANG_CXX_LANGUAGE_STANDARD = "gnu++0x";
				CLANG_CXX_LIBRARY = "libc++";
				CLANG_ENABLE_MODULES = YES;
				CLANG_ENABLE_OBJC_ARC = YES;
				CLANG_WARN_BOOL_CONVERSION = YES;
				CLANG_WARN_CONSTANT_CONVERSION = YES;
				CLANG_WARN_DIRECT_OBJC_ISA_USAGE = YES_ERROR;
				CLANG_WARN_DOCUMENTATION_COMMENTS = YES;
				CLANG_WARN_EMPTY_BODY = YES;
				CLANG_WARN_ENUM_CONVERSION = YES;
				CLANG_WARN_INFINITE_RECURSION = YES;
				CLANG_WARN_INT_CONVERSION = YES;
				CLANG_WARN_OBJC_ROOT_CLASS = YES_ERROR;
				CLANG_WARN_SUSPICIOUS_MOVE = YES;
				CLANG_WARN_UNREACHABLE_CODE = YES;
				CLANG_WARN__DUPLICATE_METHOD_MATCH = YES;
				"CODE_SIGN_IDENTITY[sdk=iphoneos*]" = "iPhone Developer";
				COPY_PHASE_STRIP = NO;
				DEBUG_INFORMATION_FORMAT = dwarf;
				ENABLE_STRICT_OBJC_MSGSEND = YES;
				ENABLE_TESTABILITY = YES;
				GCC_C_LANGUAGE_STANDARD = gnu99;
				GCC_DYNAMIC_NO_PIC = NO;
				GCC_NO_COMMON_BLOCKS = YES;
				GCC_OPTIMIZATION_LEVEL = 0;
				GCC_PREPROCESSOR_DEFINITIONS = (
					"DEBUG=1",
					"$(inherited)",
				);
				GCC_WARN_64_TO_32_BIT_CONVERSION = YES;
				GCC_WARN_ABOUT_RETURN_TYPE = YES_ERROR;
				GCC_WARN_UNDECLARED_SELECTOR = YES;
				GCC_WARN_UNINITIALIZED_AUTOS = YES_AGGRESSIVE;
				GCC_WARN_UNUSED_FUNCTION = YES;
				GCC_WARN_UNUSED_VARIABLE = YES;
				IPHONEOS_DEPLOYMENT_TARGET = 10.2;
				MTL_ENABLE_DEBUG_INFO = YES;
				ONLY_ACTIVE_ARCH = YES;
				SDKROOT = iphoneos;
				TARGETED_DEVICE_FAMILY = "1,2";
			};
			name = Debug;
		};
		2656283B1E34A7E60000E3EF /* Release */ = {
			isa = XCBuildConfiguration;
			buildSettings = {
				ALWAYS_SEARCH_USER_PATHS = NO;
				CLANG_ANALYZER_NONNULL = YES;
				CLANG_CXX_LANGUAGE_STANDARD = "gnu++0x";
				CLANG_CXX_LIBRARY = "libc++";
				CLANG_ENABLE_MODULES = YES;
				CLANG_ENABLE_OBJC_ARC = YES;
				CLANG_WARN_BOOL_CONVERSION = YES;
				CLANG_WARN_CONSTANT_CONVERSION = YES;
				CLANG_WARN_DIRECT_OBJC_ISA_USAGE = YES_ERROR;
				CLANG_WARN_DOCUMENTATION_COMMENTS = YES;
				CLANG_WARN_EMPTY_BODY = YES;
				CLANG_WARN_ENUM_CONVERSION = YES;
				CLANG_WARN_INFINITE_RECURSION = YES;
				CLANG_WARN_INT_CONVERSION = YES;
				CLANG_WARN_OBJC_ROOT_CLASS = YES_ERROR;
				CLANG_WARN_SUSPICIOUS_MOVE = YES;
				CLANG_WARN_UNREACHABLE_CODE = YES;
				CLANG_WARN__DUPLICATE_METHOD_MATCH = YES;
				"CODE_SIGN_IDENTITY[sdk=iphoneos*]" = "iPhone Developer";
				COPY_PHASE_STRIP = NO;
				DEBUG_INFORMATION_FORMAT = "dwarf-with-dsym";
				ENABLE_NS_ASSERTIONS = NO;
				ENABLE_STRICT_OBJC_MSGSEND = YES;
				GCC_C_LANGUAGE_STANDARD = gnu99;
				GCC_NO_COMMON_BLOCKS = YES;
				GCC_WARN_64_TO_32_BIT_CONVERSION = YES;
				GCC_WARN_ABOUT_RETURN_TYPE = YES_ERROR;
				GCC_WARN_UNDECLARED_SELECTOR = YES;
				GCC_WARN_UNINITIALIZED_AUTOS = YES_AGGRESSIVE;
				GCC_WARN_UNUSED_FUNCTION = YES;
				GCC_WARN_UNUSED_VARIABLE = YES;
				IPHONEOS_DEPLOYMENT_TARGET = 10.2;
				MTL_ENABLE_DEBUG_INFO = NO;
				SDKROOT = iphoneos;
				TARGETED_DEVICE_FAMILY = "1,2";
				VALIDATE_PRODUCT = YES;
			};
			name = Release;
		};
		2656283D1E34A7E60000E3EF /* Debug */ = {
			isa = XCBuildConfiguration;
			buildSettings = {
				ASSETCATALOG_COMPILER_APPICON_NAME = AppIcon;
				DEVELOPMENT_TEAM = PTZL69GT3W;
				INFOPLIST_FILE = ZZHAnimation/Info.plist;
				LD_RUNPATH_SEARCH_PATHS = "$(inherited) @executable_path/Frameworks";
				PRODUCT_BUNDLE_IDENTIFIER = zzh.ZZHAnimation;
				PRODUCT_NAME = "$(TARGET_NAME)";
			};
			name = Debug;
		};
		2656283E1E34A7E60000E3EF /* Release */ = {
			isa = XCBuildConfiguration;
			buildSettings = {
				ASSETCATALOG_COMPILER_APPICON_NAME = AppIcon;
				DEVELOPMENT_TEAM = PTZL69GT3W;
				INFOPLIST_FILE = ZZHAnimation/Info.plist;
				LD_RUNPATH_SEARCH_PATHS = "$(inherited) @executable_path/Frameworks";
				PRODUCT_BUNDLE_IDENTIFIER = zzh.ZZHAnimation;
				PRODUCT_NAME = "$(TARGET_NAME)";
			};
			name = Release;
		};
		265628401E34A7E60000E3EF /* Debug */ = {
			isa = XCBuildConfiguration;
			buildSettings = {
				BUNDLE_LOADER = "$(TEST_HOST)";
				DEVELOPMENT_TEAM = PTZL69GT3W;
				INFOPLIST_FILE = ZZHAnimationTests/Info.plist;
				LD_RUNPATH_SEARCH_PATHS = "$(inherited) @executable_path/Frameworks @loader_path/Frameworks";
				PRODUCT_BUNDLE_IDENTIFIER = zzh.ZZHAnimationTests;
				PRODUCT_NAME = "$(TARGET_NAME)";
				TEST_HOST = "$(BUILT_PRODUCTS_DIR)/ZZHAnimation.app/ZZHAnimation";
			};
			name = Debug;
		};
		265628411E34A7E60000E3EF /* Release */ = {
			isa = XCBuildConfiguration;
			buildSettings = {
				BUNDLE_LOADER = "$(TEST_HOST)";
				DEVELOPMENT_TEAM = PTZL69GT3W;
				INFOPLIST_FILE = ZZHAnimationTests/Info.plist;
				LD_RUNPATH_SEARCH_PATHS = "$(inherited) @executable_path/Frameworks @loader_path/Frameworks";
				PRODUCT_BUNDLE_IDENTIFIER = zzh.ZZHAnimationTests;
				PRODUCT_NAME = "$(TARGET_NAME)";
				TEST_HOST = "$(BUILT_PRODUCTS_DIR)/ZZHAnimation.app/ZZHAnimation";
			};
			name = Release;
		};
		265628431E34A7E60000E3EF /* Debug */ = {
			isa = XCBuildConfiguration;
			buildSettings = {
				DEVELOPMENT_TEAM = PTZL69GT3W;
				INFOPLIST_FILE = ZZHAnimationUITests/Info.plist;
				LD_RUNPATH_SEARCH_PATHS = "$(inherited) @executable_path/Frameworks @loader_path/Frameworks";
				PRODUCT_BUNDLE_IDENTIFIER = zzh.ZZHAnimationUITests;
				PRODUCT_NAME = "$(TARGET_NAME)";
				TEST_TARGET_NAME = ZZHAnimation;
			};
			name = Debug;
		};
		265628441E34A7E60000E3EF /* Release */ = {
			isa = XCBuildConfiguration;
			buildSettings = {
				DEVELOPMENT_TEAM = PTZL69GT3W;
				INFOPLIST_FILE = ZZHAnimationUITests/Info.plist;
				LD_RUNPATH_SEARCH_PATHS = "$(inherited) @executable_path/Frameworks @loader_path/Frameworks";
				PRODUCT_BUNDLE_IDENTIFIER = zzh.ZZHAnimationUITests;
				PRODUCT_NAME = "$(TARGET_NAME)";
				TEST_TARGET_NAME = ZZHAnimation;
			};
			name = Release;
		};
/* End XCBuildConfiguration section */

/* Begin XCConfigurationList section */
		2656280A1E34A7E60000E3EF /* Build configuration list for PBXProject "ZZHAnimation" */ = {
			isa = XCConfigurationList;
			buildConfigurations = (
				2656283A1E34A7E60000E3EF /* Debug */,
				2656283B1E34A7E60000E3EF /* Release */,
			);
			defaultConfigurationIsVisible = 0;
			defaultConfigurationName = Release;
		};
		2656283C1E34A7E60000E3EF /* Build configuration list for PBXNativeTarget "ZZHAnimation" */ = {
			isa = XCConfigurationList;
			buildConfigurations = (
				2656283D1E34A7E60000E3EF /* Debug */,
				2656283E1E34A7E60000E3EF /* Release */,
			);
			defaultConfigurationIsVisible = 0;
			defaultConfigurationName = Release;
		};
		2656283F1E34A7E60000E3EF /* Build configuration list for PBXNativeTarget "ZZHAnimationTests" */ = {
			isa = XCConfigurationList;
			buildConfigurations = (
				265628401E34A7E60000E3EF /* Debug */,
				265628411E34A7E60000E3EF /* Release */,
			);
			defaultConfigurationIsVisible = 0;
			defaultConfigurationName = Release;
		};
		265628421E34A7E60000E3EF /* Build configuration list for PBXNativeTarget "ZZHAnimationUITests" */ = {
			isa = XCConfigurationList;
			buildConfigurations = (
				265628431E34A7E60000E3EF /* Debug */,
				265628441E34A7E60000E3EF /* Release */,
			);
			defaultConfigurationIsVisible = 0;
			defaultConfigurationName = Release;
		};
/* End XCConfigurationList section */
	};
	rootObject = 265628071E34A7E60000E3EF /* Project object */;
}
